<?xml version="1.0" encoding="utf-8"?>
<Project ToolsVersion="4.0" xmlns="http://schemas.microsoft.com/developer/msbuild/2003">
  <ItemGroup>
    <Filter Include="源文件">
      <UniqueIdentifier>{4FC737F1-C7A5-4376-A066-2A32D752A2FF}</UniqueIdentifier>
      <Extensions>cpp;c;cc;cxx;c++;def;odl;idl;hpj;bat;asm;asmx</Extensions>
    </Filter>
    <Filter Include="头文件">
      <UniqueIdentifier>{93995380-89BD-4b04-88EB-625FBE52EBFB}</UniqueIdentifier>
      <Extensions>h;hh;hpp;hxx;h++;hm;inl;inc;ipp;xsd</Extensions>
    </Filter>
    <Filter Include="资源文件">
      <UniqueIdentifier>{67DA6AB6-F800-4c08-8B7A-83BB121AAD01}</UniqueIdentifier>
      <Extensions>rc;ico;cur;bmp;dlg;rc2;rct;bin;rgs;gif;jpg;jpeg;jpe;resx;tiff;tif;png;wav;mfcribbon-ms</Extensions>
    </Filter>
    <Filter Include="JSON">
      <UniqueIdentifier>{d76467b6-1f18-446c-97a1-10453d7e9d46}</UniqueIdentifier>
    </Filter>
    <Filter Include="ModuleSDK">
      <UniqueIdentifier>{1aaa38cb-6767-400f-837f-fa89064a255f}</UniqueIdentifier>
    </Filter>
    <Filter Include="DuilibSDK">
      <UniqueIdentifier>{406b6f60-560e-47d1-8410-e5bd91f09572}</UniqueIdentifier>
    </Filter>
    <Filter Include="源文件\Util">
      <UniqueIdentifier>{48a5b7ac-6ecf-45c8-8b8e-7de6f0654f40}</UniqueIdentifier>
    </Filter>
    <Filter Include="头文件\Util">
      <UniqueIdentifier>{d1577de1-a98f-4d12-9104-2894e5e2e8d5}</UniqueIdentifier>
    </Filter>
    <Filter Include="资源文件\xml">
      <UniqueIdentifier>{7314b75b-fd9c-4dae-9479-59405790bf91}</UniqueIdentifier>
    </Filter>
    <Filter Include="资源文件\xml\menu">
      <UniqueIdentifier>{782b69c1-e7b9-479c-90cf-75827aa4f9a8}</UniqueIdentifier>
    </Filter>
    <Filter Include="DuilibSDK\Control">
      <UniqueIdentifier>{910ef277-7200-42e4-b4fd-48f7fb54e584}</UniqueIdentifier>
    </Filter>
    <Filter Include="DuilibSDK\Core">
      <UniqueIdentifier>{913fdb2c-1511-45a6-b556-7fa1d5233ccc}</UniqueIdentifier>
    </Filter>
    <Filter Include="DuilibSDK\Layout">
      <UniqueIdentifier>{a392230c-880c-497c-80db-a9805133679d}</UniqueIdentifier>
    </Filter>
    <Filter Include="ValveSDK">
      <UniqueIdentifier>{2eefc6eb-a1f4-44c6-b4c1-5544a1da6f67}</UniqueIdentifier>
    </Filter>
    <Filter Include="DuilibSDK\Utiles">
      <UniqueIdentifier>{b190a0da-32ca-4c96-88e0-92551fd6f87f}</UniqueIdentifier>
    </Filter>
  </ItemGroup>
  <ItemGroup>
    <ClInclude Include="Main.h">
      <Filter>头文件</Filter>
    </ClInclude>
    <ClInclude Include="stdafx.h">
      <Filter>头文件</Filter>
    </ClInclude>
    <ClInclude Include="json\autolink.h">
      <Filter>JSON</Filter>
    </ClInclude>
    <ClInclude Include="json\config.h">
      <Filter>JSON</Filter>
    </ClInclude>
    <ClInclude Include="json\features.h">
      <Filter>JSON</Filter>
    </ClInclude>
    <ClInclude Include="json\forwards.h">
      <Filter>JSON</Filter>
    </ClInclude>
    <ClInclude Include="json\json.h">
      <Filter>JSON</Filter>
    </ClInclude>
    <ClInclude Include="json\json_batchallocator.h">
      <Filter>JSON</Filter>
    </ClInclude>
    <ClInclude Include="json\reader.h">
      <Filter>JSON</Filter>
    </ClInclude>
    <ClInclude Include="json\value.h">
      <Filter>JSON</Filter>
    </ClInclude>
    <ClInclude Include="json\writer.h">
      <Filter>JSON</Filter>
    </ClInclude>
    <ClInclude Include="ModuleSDK\lib_http.h">
      <Filter>ModuleSDK</Filter>
    </ClInclude>
    <ClInclude Include="ModuleSDK\ChineseCode.h">
      <Filter>ModuleSDK</Filter>
    </ClInclude>
    <ClInclude Include="ModuleSDK\Path.h">
      <Filter>ModuleSDK</Filter>
    </ClInclude>
    <ClInclude Include="ModuleSDK\lib_Process.h">
      <Filter>ModuleSDK</Filter>
    </ClInclude>
    <ClInclude Include="ModuleSDK\lib_Socket.h">
      <Filter>ModuleSDK</Filter>
    </ClInclude>
    <ClInclude Include="ZElauncher.h">
      <Filter>头文件\Util</Filter>
    </ClInclude>
    <ClInclude Include="SkinConvert.h">
      <Filter>头文件\Util</Filter>
    </ClInclude>
    <ClInclude Include="resource.h">
      <Filter>头文件</Filter>
    </ClInclude>
    <ClInclude Include="ModuleSDK\lib_String.h">
      <Filter>ModuleSDK</Filter>
    </ClInclude>
    <ClInclude Include="Variable.h">
      <Filter>头文件</Filter>
    </ClInclude>
    <ClInclude Include="查询服务器玩家.h">
      <Filter>头文件\Util</Filter>
    </ClInclude>
    <ClInclude Include="礼包.h">
      <Filter>头文件\Util</Filter>
    </ClInclude>
    <ClInclude Include="礼包提示窗口.h">
      <Filter>头文件\Util</Filter>
    </ClInclude>
    <ClInclude Include="服务器.h">
      <Filter>头文件\Util</Filter>
    </ClInclude>
    <ClInclude Include="服务器菜单.h">
      <Filter>头文件\Util</Filter>
    </ClInclude>
    <ClInclude Include="设置.h">
      <Filter>头文件\Util</Filter>
    </ClInclude>
    <ClInclude Include="商城.h">
      <Filter>头文件\Util</Filter>
    </ClInclude>
    <ClInclude Include="新手皮肤.h">
      <Filter>头文件\Util</Filter>
    </ClInclude>
    <ClInclude Include="工具箱.h">
      <Filter>头文件\Util</Filter>
    </ClInclude>
    <ClInclude Include="登录账号.h">
      <Filter>头文件\Util</Filter>
    </ClInclude>
    <ClInclude Include="Duilib\Control\UIActiveX.h">
      <Filter>DuilibSDK\Control</Filter>
    </ClInclude>
    <ClInclude Include="Duilib\Control\UIAnimation.h">
      <Filter>DuilibSDK\Control</Filter>
    </ClInclude>
    <ClInclude Include="Duilib\Control\UIButton.h">
      <Filter>DuilibSDK\Control</Filter>
    </ClInclude>
    <ClInclude Include="Duilib\Control\UIColorPalette.h">
      <Filter>DuilibSDK\Control</Filter>
    </ClInclude>
    <ClInclude Include="Duilib\Control\UICombo.h">
      <Filter>DuilibSDK\Control</Filter>
    </ClInclude>
    <ClInclude Include="Duilib\Control\UIComboBox.h">
      <Filter>DuilibSDK\Control</Filter>
    </ClInclude>
    <ClInclude Include="Duilib\Control\UIDateTime.h">
      <Filter>DuilibSDK\Control</Filter>
    </ClInclude>
    <ClInclude Include="Duilib\Control\UIEdit.h">
      <Filter>DuilibSDK\Control</Filter>
    </ClInclude>
    <ClInclude Include="Duilib\Control\UIFadeButton.h">
      <Filter>DuilibSDK\Control</Filter>
    </ClInclude>
    <ClInclude Include="Duilib\Control\UIFlash.h">
      <Filter>DuilibSDK\Control</Filter>
    </ClInclude>
    <ClInclude Include="Duilib\Control\UIGifAnim.h">
      <Filter>DuilibSDK\Control</Filter>
    </ClInclude>
    <ClInclude Include="Duilib\Control\UIGifAnimEx.h">
      <Filter>DuilibSDK\Control</Filter>
    </ClInclude>
    <ClInclude Include="Duilib\Control\UIGroupBox.h">
      <Filter>DuilibSDK\Control</Filter>
    </ClInclude>
    <ClInclude Include="Duilib\Control\UIHotKey.h">
      <Filter>DuilibSDK\Control</Filter>
    </ClInclude>
    <ClInclude Include="Duilib\Control\UIIPAddress.h">
      <Filter>DuilibSDK\Control</Filter>
    </ClInclude>
    <ClInclude Include="Duilib\Control\UIIPAddressEx.h">
      <Filter>DuilibSDK\Control</Filter>
    </ClInclude>
    <ClInclude Include="Duilib\Control\UILabel.h">
      <Filter>DuilibSDK\Control</Filter>
    </ClInclude>
    <ClInclude Include="Duilib\Control\UIList.h">
      <Filter>DuilibSDK\Control</Filter>
    </ClInclude>
    <ClInclude Include="Duilib\Control\UIListEx.h">
      <Filter>DuilibSDK\Control</Filter>
    </ClInclude>
    <ClInclude Include="Duilib\Control\UIMenu.h">
      <Filter>DuilibSDK\Control</Filter>
    </ClInclude>
    <ClInclude Include="Duilib\Control\UIOption.h">
      <Filter>DuilibSDK\Control</Filter>
    </ClInclude>
    <ClInclude Include="Duilib\Control\UIProgress.h">
      <Filter>DuilibSDK\Control</Filter>
    </ClInclude>
    <ClInclude Include="Duilib\Control\UIRichEdit.h">
      <Filter>DuilibSDK\Control</Filter>
    </ClInclude>
    <ClInclude Include="Duilib\Control\UIRing.h">
      <Filter>DuilibSDK\Control</Filter>
    </ClInclude>
    <ClInclude Include="Duilib\Control\UIRollText.h">
      <Filter>DuilibSDK\Control</Filter>
    </ClInclude>
    <ClInclude Include="Duilib\Control\UIScrollBar.h">
      <Filter>DuilibSDK\Control</Filter>
    </ClInclude>
    <ClInclude Include="Duilib\Control\UISlider.h">
      <Filter>DuilibSDK\Control</Filter>
    </ClInclude>
    <ClInclude Include="Duilib\Control\UIText.h">
      <Filter>DuilibSDK\Control</Filter>
    </ClInclude>
    <ClInclude Include="Duilib\Control\UITreeView.h">
      <Filter>DuilibSDK\Control</Filter>
    </ClInclude>
    <ClInclude Include="Duilib\Control\UIWebBrowser.h">
      <Filter>DuilibSDK\Control</Filter>
    </ClInclude>
    <ClInclude Include="Duilib\Core\ControlFactory.h">
      <Filter>DuilibSDK\Core</Filter>
    </ClInclude>
    <ClInclude Include="Duilib\Core\UIBase.h">
      <Filter>DuilibSDK\Core</Filter>
    </ClInclude>
    <ClInclude Include="Duilib\Core\UIContainer.h">
      <Filter>DuilibSDK\Core</Filter>
    </ClInclude>
    <ClInclude Include="Duilib\Core\UIControl.h">
      <Filter>DuilibSDK\Core</Filter>
    </ClInclude>
    <ClInclude Include="Duilib\Core\UIDefine.h">
      <Filter>DuilibSDK\Core</Filter>
    </ClInclude>
    <ClInclude Include="Duilib\Core\UIDlgBuilder.h">
      <Filter>DuilibSDK\Core</Filter>
    </ClInclude>
    <ClInclude Include="Duilib\Core\UIManager.h">
      <Filter>DuilibSDK\Core</Filter>
    </ClInclude>
    <ClInclude Include="Duilib\Core\UIMarkup.h">
      <Filter>DuilibSDK\Core</Filter>
    </ClInclude>
    <ClInclude Include="Duilib\Core\UIRender.h">
      <Filter>DuilibSDK\Core</Filter>
    </ClInclude>
    <ClInclude Include="Duilib\Core\UIResourceManager.h">
      <Filter>DuilibSDK\Core</Filter>
    </ClInclude>
    <ClInclude Include="Duilib\Layout\UIAnimationTabLayout.h">
      <Filter>DuilibSDK\Layout</Filter>
    </ClInclude>
    <ClInclude Include="Duilib\Layout\UIChildLayout.h">
      <Filter>DuilibSDK\Layout</Filter>
    </ClInclude>
    <ClInclude Include="Duilib\Layout\UIHorizontalLayout.h">
      <Filter>DuilibSDK\Layout</Filter>
    </ClInclude>
    <ClInclude Include="Duilib\Layout\UITabLayout.h">
      <Filter>DuilibSDK\Layout</Filter>
    </ClInclude>
    <ClInclude Include="Duilib\Layout\UITileLayout.h">
      <Filter>DuilibSDK\Layout</Filter>
    </ClInclude>
    <ClInclude Include="Duilib\Layout\UIVerticalLayout.h">
      <Filter>DuilibSDK\Layout</Filter>
    </ClInclude>
    <ClInclude Include="Duilib\Utils\downloadmgr.h">
      <Filter>DuilibSDK\Utiles</Filter>
    </ClInclude>
    <ClInclude Include="Duilib\Utils\DPI.h">
      <Filter>DuilibSDK\Utiles</Filter>
    </ClInclude>
    <ClInclude Include="Duilib\Utils\DragDropImpl.h">
      <Filter>DuilibSDK\Utiles</Filter>
    </ClInclude>
    <ClInclude Include="Duilib\Utils\FlashEventHandler.h">
      <Filter>DuilibSDK\Utiles</Filter>
    </ClInclude>
    <ClInclude Include="Duilib\Utils\observer_impl_base.h">
      <Filter>DuilibSDK\Utiles</Filter>
    </ClInclude>
    <ClInclude Include="Duilib\Utils\stb_image.h">
      <Filter>DuilibSDK\Utiles</Filter>
    </ClInclude>
    <ClInclude Include="Duilib\Utils\TrayIcon.h">
      <Filter>DuilibSDK\Utiles</Filter>
    </ClInclude>
    <ClInclude Include="Duilib\Utils\UIDelegate.h">
      <Filter>DuilibSDK\Utiles</Filter>
    </ClInclude>
    <ClInclude Include="Duilib\Utils\UIShadow.h">
      <Filter>DuilibSDK\Utiles</Filter>
    </ClInclude>
    <ClInclude Include="Duilib\Utils\unzip.h">
      <Filter>DuilibSDK\Utiles</Filter>
    </ClInclude>
    <ClInclude Include="Duilib\Utils\Utils.h">
      <Filter>DuilibSDK\Utiles</Filter>
    </ClInclude>
    <ClInclude Include="Duilib\Utils\VersionHelpers.h">
      <Filter>DuilibSDK\Utiles</Filter>
    </ClInclude>
    <ClInclude Include="Duilib\Utils\WebBrowserEventHandler.h">
      <Filter>DuilibSDK\Utiles</Filter>
    </ClInclude>
    <ClInclude Include="Duilib\Utils\WinImplBase.h">
      <Filter>DuilibSDK\Utiles</Filter>
    </ClInclude>
    <ClInclude Include="Duilib\StdAfx.h">
      <Filter>DuilibSDK</Filter>
    </ClInclude>
    <ClInclude Include="Duilib\UIlib.h">
      <Filter>DuilibSDK</Filter>
    </ClInclude>
  </ItemGroup>
  <ItemGroup>
    <ClCompile Include="json\json_reader.cpp">
      <Filter>JSON</Filter>
    </ClCompile>
    <ClCompile Include="json\json_value.cpp">
      <Filter>JSON</Filter>
    </ClCompile>
    <ClCompile Include="json\json_writer.cpp">
      <Filter>JSON</Filter>
    </ClCompile>
    <ClCompile Include="ModuleSDK\lib_http.cpp">
      <Filter>ModuleSDK</Filter>
    </ClCompile>
    <ClCompile Include="ModuleSDK\ChineseCode.cpp">
      <Filter>ModuleSDK</Filter>
    </ClCompile>
    <ClCompile Include="ModuleSDK\Path.cpp">
      <Filter>ModuleSDK</Filter>
    </ClCompile>
    <ClCompile Include="ModuleSDK\lib_Process.cpp">
      <Filter>ModuleSDK</Filter>
    </ClCompile>
    <ClCompile Include="ModuleSDK\lib_Socket.cpp">
      <Filter>ModuleSDK</Filter>
    </ClCompile>
    <ClCompile Include="Main.cpp">
      <Filter>源文件</Filter>
    </ClCompile>
    <ClCompile Include="SkinConvert.cpp">
      <Filter>源文件\Util</Filter>
    </ClCompile>
    <ClCompile Include="ZElauncher.cpp">
      <Filter>源文件\Util</Filter>
    </ClCompile>
    <ClCompile Include="ModuleSDK\lib_String.cpp">
      <Filter>ModuleSDK</Filter>
    </ClCompile>
    <ClCompile Include="Variable.cpp">
      <Filter>源文件</Filter>
    </ClCompile>
    <ClCompile Include="查询服务器玩家.cpp">
      <Filter>源文件\Util</Filter>
    </ClCompile>
    <ClCompile Include="礼包.cpp">
      <Filter>源文件\Util</Filter>
    </ClCompile>
    <ClCompile Include="服务器.cpp">
      <Filter>源文件\Util</Filter>
    </ClCompile>
    <ClCompile Include="服务器菜单.cpp">
      <Filter>源文件\Util</Filter>
    </ClCompile>
    <ClCompile Include="设置.cpp">
      <Filter>源文件\Util</Filter>
    </ClCompile>
    <ClCompile Include="商城.cpp">
      <Filter>源文件\Util</Filter>
    </ClCompile>
    <ClCompile Include="新手皮肤.cpp">
      <Filter>源文件\Util</Filter>
    </ClCompile>
    <ClCompile Include="工具箱.cpp">
      <Filter>源文件\Util</Filter>
    </ClCompile>
    <ClCompile Include="登录账号.cpp">
      <Filter>源文件\Util</Filter>
    </ClCompile>
    <ClCompile Include="礼包提示窗口.cpp">
      <Filter>源文件\Util</Filter>
    </ClCompile>
    <ClCompile Include="Duilib\Control\UIActiveX.cpp">
      <Filter>DuilibSDK\Control</Filter>
    </ClCompile>
    <ClCompile Include="Duilib\Control\UIAnimation.cpp">
      <Filter>DuilibSDK\Control</Filter>
    </ClCompile>
    <ClCompile Include="Duilib\Control\UIButton.cpp">
      <Filter>DuilibSDK\Control</Filter>
    </ClCompile>
    <ClCompile Include="Duilib\Control\UIColorPalette.cpp">
      <Filter>DuilibSDK\Control</Filter>
    </ClCompile>
    <ClCompile Include="Duilib\Control\UICombo.cpp">
      <Filter>DuilibSDK\Control</Filter>
    </ClCompile>
    <ClCompile Include="Duilib\Control\UIComboBox.cpp">
      <Filter>DuilibSDK\Control</Filter>
    </ClCompile>
    <ClCompile Include="Duilib\Control\UIDateTime.cpp">
      <Filter>DuilibSDK\Control</Filter>
    </ClCompile>
    <ClCompile Include="Duilib\Control\UIEdit.cpp">
      <Filter>DuilibSDK\Control</Filter>
    </ClCompile>
    <ClCompile Include="Duilib\Control\UIFadeButton.cpp">
      <Filter>DuilibSDK\Control</Filter>
    </ClCompile>
    <ClCompile Include="Duilib\Control\UIFlash.cpp">
      <Filter>DuilibSDK\Control</Filter>
    </ClCompile>
    <ClCompile Include="Duilib\Control\UIGifAnim.cpp">
      <Filter>DuilibSDK\Control</Filter>
    </ClCompile>
    <ClCompile Include="Duilib\Control\UIGifAnimEx.cpp">
      <Filter>DuilibSDK\Control</Filter>
    </ClCompile>
    <ClCompile Include="Duilib\Control\UIGroupBox.cpp">
      <Filter>DuilibSDK\Control</Filter>
    </ClCompile>
    <ClCompile Include="Duilib\Control\UIHotKey.cpp">
      <Filter>DuilibSDK\Control</Filter>
    </ClCompile>
    <ClCompile Include="Duilib\Control\UIIPAddress.cpp">
      <Filter>DuilibSDK\Control</Filter>
    </ClCompile>
    <ClCompile Include="Duilib\Control\UIIPAddressEx.cpp">
      <Filter>DuilibSDK\Control</Filter>
    </ClCompile>
    <ClCompile Include="Duilib\Control\UILabel.cpp">
      <Filter>DuilibSDK\Control</Filter>
    </ClCompile>
    <ClCompile Include="Duilib\Control\UIList.cpp">
      <Filter>DuilibSDK\Control</Filter>
    </ClCompile>
    <ClCompile Include="Duilib\Control\UIListEx.cpp">
      <Filter>DuilibSDK\Control</Filter>
    </ClCompile>
    <ClCompile Include="Duilib\Control\UIMenu.cpp">
      <Filter>DuilibSDK\Control</Filter>
    </ClCompile>
    <ClCompile Include="Duilib\Control\UIOption.cpp">
      <Filter>DuilibSDK\Control</Filter>
    </ClCompile>
    <ClCompile Include="Duilib\Control\UIProgress.cpp">
      <Filter>DuilibSDK\Control</Filter>
    </ClCompile>
    <ClCompile Include="Duilib\Control\UIRichEdit.cpp">
      <Filter>DuilibSDK\Control</Filter>
    </ClCompile>
    <ClCompile Include="Duilib\Control\UIRing.cpp">
      <Filter>DuilibSDK\Control</Filter>
    </ClCompile>
    <ClCompile Include="Duilib\Control\UIRollText.cpp">
      <Filter>DuilibSDK\Control</Filter>
    </ClCompile>
    <ClCompile Include="Duilib\Control\UIScrollBar.cpp">
      <Filter>DuilibSDK\Control</Filter>
    </ClCompile>
    <ClCompile Include="Duilib\Control\UISlider.cpp">
      <Filter>DuilibSDK\Control</Filter>
    </ClCompile>
    <ClCompile Include="Duilib\Control\UIText.cpp">
      <Filter>DuilibSDK\Control</Filter>
    </ClCompile>
    <ClCompile Include="Duilib\Control\UITreeView.cpp">
      <Filter>DuilibSDK\Control</Filter>
    </ClCompile>
    <ClCompile Include="Duilib\Control\UIWebBrowser.cpp">
      <Filter>DuilibSDK\Control</Filter>
    </ClCompile>
    <ClCompile Include="Duilib\Core\ControlFactory.cpp">
      <Filter>DuilibSDK\Core</Filter>
    </ClCompile>
    <ClCompile Include="Duilib\Core\UIBase.cpp">
      <Filter>DuilibSDK\Core</Filter>
    </ClCompile>
    <ClCompile Include="Duilib\Core\UIContainer.cpp">
      <Filter>DuilibSDK\Core</Filter>
    </ClCompile>
    <ClCompile Include="Duilib\Core\UIControl.cpp">
      <Filter>DuilibSDK\Core</Filter>
    </ClCompile>
    <ClCompile Include="Duilib\Core\UIDlgBuilder.cpp">
      <Filter>DuilibSDK\Core</Filter>
    </ClCompile>
    <ClCompile Include="Duilib\Core\UIManager.cpp">
      <Filter>DuilibSDK\Core</Filter>
    </ClCompile>
    <ClCompile Include="Duilib\Core\UIMarkup.cpp">
      <Filter>DuilibSDK\Core</Filter>
    </ClCompile>
    <ClCompile Include="Duilib\Core\UIRender.cpp">
      <Filter>DuilibSDK\Core</Filter>
    </ClCompile>
    <ClCompile Include="Duilib\Core\UIResourceManager.cpp">
      <Filter>DuilibSDK\Core</Filter>
    </ClCompile>
    <ClCompile Include="Duilib\Layout\UIAnimationTabLayout.cpp">
      <Filter>DuilibSDK\Layout</Filter>
    </ClCompile>
    <ClCompile Include="Duilib\Layout\UIChildLayout.cpp">
      <Filter>DuilibSDK\Layout</Filter>
    </ClCompile>
    <ClCompile Include="Duilib\Layout\UIHorizontalLayout.cpp">
      <Filter>DuilibSDK\Layout</Filter>
    </ClCompile>
    <ClCompile Include="Duilib\Layout\UITabLayout.cpp">
      <Filter>DuilibSDK\Layout</Filter>
    </ClCompile>
    <ClCompile Include="Duilib\Layout\UITileLayout.cpp">
      <Filter>DuilibSDK\Layout</Filter>
    </ClCompile>
    <ClCompile Include="Duilib\Layout\UIVerticalLayout.cpp">
      <Filter>DuilibSDK\Layout</Filter>
    </ClCompile>
    <ClCompile Include="Duilib\Utils\DPI.cpp">
      <Filter>DuilibSDK\Utiles</Filter>
    </ClCompile>
    <ClCompile Include="Duilib\Utils\DragDropImpl.cpp">
      <Filter>DuilibSDK\Utiles</Filter>
    </ClCompile>
    <ClCompile Include="Duilib\Utils\TrayIcon.cpp">
      <Filter>DuilibSDK\Utiles</Filter>
    </ClCompile>
    <ClCompile Include="Duilib\Utils\UIDelegate.cpp">
      <Filter>DuilibSDK\Utiles</Filter>
    </ClCompile>
    <ClCompile Include="Duilib\Utils\UIShadow.cpp">
      <Filter>DuilibSDK\Utiles</Filter>
    </ClCompile>
    <ClCompile Include="Duilib\Utils\unzip.cpp">
      <Filter>DuilibSDK\Utiles</Filter>
    </ClCompile>
    <ClCompile Include="Duilib\Utils\Utils.cpp">
      <Filter>DuilibSDK\Utiles</Filter>
    </ClCompile>
    <ClCompile Include="Duilib\Utils\WinImplBase.cpp">
      <Filter>DuilibSDK\Utiles</Filter>
    </ClCompile>
    <ClCompile Include="Duilib\StdAfx.cpp">
      <Filter>DuilibSDK</Filter>
    </ClCompile>
    <ClCompile Include="Duilib\UIlib.cpp">
      <Filter>DuilibSDK</Filter>
    </ClCompile>
  </ItemGroup>
  <ItemGroup>
    <ResourceCompile Include="ZElauncher.rc">
      <Filter>资源文件</Filter>
    </ResourceCompile>
  </ItemGroup>
  <ItemGroup>
    <None Include="json\json_internalarray.inl">
      <Filter>JSON</Filter>
    </None>
    <None Include="json\json_internalmap.inl">
      <Filter>JSON</Filter>
    </None>
    <None Include="json\json_valueiterator.inl">
      <Filter>JSON</Filter>
    </None>
    <None Include="json\sconscript">
      <Filter>JSON</Filter>
    </None>
    <None Include="..\Debug\Skin\Skin.zip">
      <Filter>资源文件</Filter>
    </None>
    <None Include="Duilib\Utils\Flash11.tlb">
      <Filter>DuilibSDK\Utiles</Filter>
    </None>
    <None Include="Duilib\Utils\flash11.tlh">
      <Filter>DuilibSDK\Utiles</Filter>
    </None>
  </ItemGroup>
  <ItemGroup>
    <Xml Include="..\Debug\Menu_Main.xml">
      <Filter>资源文件\xml\menu</Filter>
    </Xml>
    <Xml Include="..\Debug\Menu_server.xml">
      <Filter>资源文件\xml\menu</Filter>
    </Xml>
    <Xml Include="..\Debug\Skin\ListRes\skin.xml">
      <Filter>资源文件\xml\menu</Filter>
    </Xml>
  </ItemGroup>
  <ItemGroup>
    <Image Include="..\Debug\Skin\ListRes\bk\menu_bk.png">
      <Filter>资源文件</Filter>
    </Image>
    <Image Include="..\Debug\Skin\ListRes\bk\tree_expand.png">
      <Filter>资源文件</Filter>
    </Image>
    <Image Include="..\Debug\icon.ico">
      <Filter>资源文件</Filter>
    </Image>
  </ItemGroup>
</Project>